{
  "pins" : [
    {
      "identity" : "alamofire",
      "kind" : "remoteSourceControl",
      "location" : "https://github.com/Alamofire/Alamofire.git",
      "state" : {
        "revision" : "3dc6a42c7727c49bf26508e29b0a0b35f9c7e1ad",
        "version" : "5.8.1"
      }
    },
    {
      "identity" : "patchablemacro",
      "kind" : "remoteSourceControl",
      "location" : "https://github.com/AdelaideSky/PatchableMacro",
      "state" : {
        "branch" : "main",
        "revision" : "ff7310cb5f96413d573fdef5dfe2eced7ebe1e3a"
      }
    },
    {
      "identity" : "simplycoreaudio",
      "kind" : "remoteSourceControl",
      "location" : "https://github.com/rnine/SimplyCoreAudio",
      "state" : {
        "branch" : "develop",
        "revision" : "73014324f2a916b445b4da5a4232aa57033267af"
      }
    },
    {
      "identity" : "skykit",
      "kind" : "remoteSourceControl",
      "location" : "https://github.com/AdelaideSky/SkyKit",
      "state" : {
        "branch" : "main",
        "revision" : "2da7578f3ca066cd63457993246330815540d4ce"
      }
    },
    {
      "identity" : "starscream",
      "kind" : "remoteSourceControl",
      "location" : "https://github.com/daltoniam/Starscream",
      "state" : {
        "branch" : "master",
        "revision" : "c68359159dcf0b5de9b536b9a959e9e435e968d3"
      }
    },
    {
      "identity" : "swift-atomics",
      "kind" : "remoteSourceControl",
      "location" : "https://github.com/apple/swift-atomics.git",
      "state" : {
        "revision" : "6c89474e62719ddcc1e9614989fff2f68208fe10",
        "version" : "1.1.0"
      }
    },
    {
      "identity" : "swift-syntax",
      "kind" : "remoteSourceControl",
      "location" : "https://github.com/apple/swift-syntax.git",
      "state" : {
        "revision" : "64889f0c732f210a935a0ad7cda38f77f876262d",
        "version" : "509.1.1"
      }
    },
    {
      "identity" : "swiftyjson",
      "kind" : "remoteSourceControl",
      "location" : "https://github.com/SwiftyJSON/SwiftyJSON",
      "state" : {
        "branch" : "master",
        "revision" : "af1f7a2007d607fbe735c445f19080df4260fe8e"
      }
    }
  ],
  "version" : 2
}
